{
    "_readme": [
        "This file locks the dependencies of your project to a known state",
        "Read more about it at https://getcomposer.org/doc/01-basic-usage.md#composer-lock-the-lock-file",
        "This file is @generated automatically"
    ],
    "content-hash": "21beeb697eb5324bca39f47d73513388",
    "packages": [
        {
            "name": "phalapi/kernal",
            "version": "2.2.2",
            "source": {
                "type": "git",
                "url": "https://github.com/phalapi/kernal.git",
                "reference": "de29249cf956fdd685f0fa982615fe31011e0270"
            },
            "dist": {
                "type": "zip",
                "url": "https://files.phpcomposer.com/files/phalapi/kernal/de29249cf956fdd685f0fa982615fe31011e0270.zip",
                "reference": "de29249cf956fdd685f0fa982615fe31011e0270",
                "shasum": ""
            },
            "require": {
                "phalapi/notorm": "2.2.1",
                "php": ">=5.3.3"
            },
            "type": "library",
            "autoload": {
                "files": [
                    "src/bootstrap.php",
                    "src/functions.php"
                ],
                "psr-4": {
                    "PhalApi\\": "src"
                }
            },
            "notification-url": "https://packagist.org/downloads/",
            "license": [
                "GPL-3.0+"
            ],
            "authors": [
                {
                    "name": "Dogstar Huang",
                    "email": "chanzonghuang@gmail.com",
                    "homepage": "http://my.oschina.net/dogstar",
                    "role": "Developer"
                },
                {
                    "name": "kwan",
                    "email": "303198069@qq.com",
                    "role": "Developer"
                }
            ],
            "description": "PhalApi 2.x 框架核心部分。",
            "homepage": "https://www.phalapi.net/",
            "keywords": [
                "api",
                "framework",
                "phalapi"
            ],
            "time": "2018-03-30T15:55:58+00:00"
        },
        {
            "name": "phalapi/notorm",
            "version": "2.2.1",
            "source": {
                "type": "git",
                "url": "https://github.com/phalapi/notorm.git",
                "reference": "85cce24174e5b4fa0bdf18fb4c9d2b4d7ec6a2a3"
            },
            "dist": {
                "type": "zip",
                "url": "https://files.phpcomposer.com/files/phalapi/notorm/85cce24174e5b4fa0bdf18fb4c9d2b4d7ec6a2a3.zip",
                "reference": "85cce24174e5b4fa0bdf18fb4c9d2b4d7ec6a2a3",
                "shasum": ""
            },
            "require": {
                "php": ">=5.3.3"
            },
            "type": "library",
            "autoload": {
                "psr-4": {
                    "PhalApi\\NotORM\\": "src"
                }
            },
            "notification-url": "https://packagist.org/downloads/",
            "license": [
                "GPL-3.0+"
            ],
            "authors": [
                {
                    "name": "Dogstar Huang",
                    "email": "chanzonghuang@gmail.com",
                    "homepage": "http://my.oschina.net/dogstar",
                    "role": "Developer"
                }
            ],
            "description": "基于NotORM类库的优化版本，专门用于PhalApi 2.x 开源接口框架。",
            "homepage": "http://www.phalapi.net",
            "keywords": [
                "api",
                "notorm",
                "phalapi"
            ],
            "time": "2018-03-26T13:22:34+00:00"
        },
        {
            "name": "phalapi/qrcode",
            "version": "dev-master",
            "source": {
                "type": "git",
                "url": "https://github.com/phalapi/qrcode.git",
                "reference": "cbb3c5f3f95a7902b0a72786a77495ada0c006b7"
            },
            "dist": {
                "type": "zip",
                "url": "https://files.phpcomposer.com/files/phalapi/qrcode/cbb3c5f3f95a7902b0a72786a77495ada0c006b7.zip",
                "reference": "cbb3c5f3f95a7902b0a72786a77495ada0c006b7",
                "shasum": ""
            },
            "type": "library",
            "autoload": {
                "psr-4": {
                    "PhalApi\\QrCode\\": "src"
                }
            },
            "notification-url": "https://packagist.org/downloads/",
            "license": [
                "GPL-3.0+"
            ],
            "authors": [
                {
                    "name": "dogstar huang",
                    "email": "chanzonghuang@gmail.com",
                    "homepage": "http://my.oschina.net/dogstar",
                    "role": "Developer"
                }
            ],
            "description": "PhalApi 2.x 扩展类库：基于QRCode实现的二维码扩展",
            "homepage": "https://www.phalapi.net/",
            "keywords": [
                "phalapi",
                "phalapi-qrcode",
                "qrcode",
                "二维码"
            ],
            "time": "2017-12-29T12:03:03+00:00"
        },
        {
            "name": "phalapi/task",
            "version": "dev-master",
            "source": {
                "type": "git",
                "url": "https://github.com/phalapi/task.git",
                "reference": "552421219a3097a81c576fc2607d96894d489def"
            },
            "dist": {
                "type": "zip",
                "url": "https://files.phpcomposer.com/files/phalapi/task/552421219a3097a81c576fc2607d96894d489def.zip",
                "reference": "552421219a3097a81c576fc2607d96894d489def",
                "shasum": ""
            },
            "require": {
                "php": ">=5.3.3"
            },
            "type": "library",
            "autoload": {
                "psr-4": {
                    "PhalApi\\Task\\": "src"
                }
            },
            "notification-url": "https://packagist.org/downloads/",
            "license": [
                "GPL-3.0+"
            ],
            "authors": [
                {
                    "name": "dogstar huang",
                    "email": "chanzonghuang@gmail.com",
                    "homepage": "http://my.oschina.net/dogstar",
                    "role": "Developer"
                }
            ],
            "description": "PhalApi 2.x 扩展类库 - Task计划任务，以接口服务形式实现的新型计划任务。",
            "homepage": "https://www.phalapi.net/",
            "keywords": [
                "phalapi",
                "phalapi-task",
                "task"
            ],
            "time": "2018-04-24T14:25:40+00:00"
        }
    ],
    "packages-dev": [],
    "aliases": [],
    "minimum-stability": "dev",
    "stability-flags": {
        "phalapi/qrcode": 20,
        "phalapi/task": 20
    },
    "prefer-stable": false,
    "prefer-lowest": false,
    "platform": {
        "php": ">=5.3.3"
    },
    "platform-dev": []
}
